
Microsoft Visual Studio Solution File, Format Version 12.00
# Visual Studio Version 16
VisualStudioVersion = 16.0.29905.134
MinimumVisualStudioVersion = 10.0.40219.1
Project("{FAE04EC0-301F-11D3-BF4B-00C04F79EFBC}") = "apbd_k1", "apbd_k1.csproj", "{9DE06C0C-5472-4DF0-AFD4-15A177CE499F}"
EndProject
Global
	GlobalSection(SolutionConfigurationPlatforms) = preSolution
		Debug|Any CPU = Debug|Any CPU
		Release|Any CPU = Release|Any CPU
	EndGlobalSection
	GlobalSection(ProjectConfigurationPlatforms) = postSolution
		{9DE06C0C-5472-4DF0-AFD4-15A177CE499F}.Debug|Any CPU.ActiveCfg = Debug|Any CPU
		{9DE06C0C-5472-4DF0-AFD4-15A177CE499F}.Debug|Any CPU.Build.0 = Debug|Any CPU
		{9DE06C0C-5472-4DF0-AFD4-15A177CE499F}.Release|Any CPU.ActiveCfg = Release|Any CPU
		{9DE06C0C-5472-4DF0-AFD4-15A177CE499F}.Release|Any CPU.Build.0 = Release|Any CPU
	EndGlobalSection
	GlobalSection(SolutionProperties) = preSolution
		HideSolutionNode = FALSE
	EndGlobalSection
	GlobalSection(ExtensibilityGlobals) = postSolution
		SolutionGuid = {9B61D96E-900F-4BB8-AC9A-57C1E30F4181}
	EndGlobalSection
EndGlobal
